github.com/fzipp/astar v0.2.0 h1:vEmeszAm62kB02Qh/oXQNrVR8p6G00WAJIkVRJYzekc=
github.com/fzipp/astar v0.2.0/go.mod h1:1zYE8kcTMuS0g+b9Vh9lfR7t0MleOH6EneyA3esiLEc=
github.com/matryer/is v1.4.0 h1:sosSmIWwkYITGrxZ25ULNDeKiMNzFSr4V/eqBQP0PeE=
github.com/matryer/is v1.4.0/go.mod h1:8I/i5uYgLzgsgEloJE1U6xx5HkBQpAZvepWuujKwMRU=
